// !$*UTF8*$!
{
	archiveVersion = 1;
	classes = {
	};
	objectVersion = 46;
	objects = {

/* Begin PBXBuildFile section */
		7AF8B0FD1E97817500DF77C7 /* AppDelegate.swift in Sources */ = {isa = PBXBuildFile; fileRef = 7AF8B0FC1E97817500DF77C7 /* AppDelegate.swift */; };
		7AF8B0FF1E97817500DF77C7 /* ViewController.swift in Sources */ = {isa = PBXBuildFile; fileRef = 7AF8B0FE1E97817500DF77C7 /* ViewController.swift */; };
		7AF8B1021E97817500DF77C7 /* Main.storyboard in Resources */ = {isa = PBXBuildFile; fileRef = 7AF8B1001E97817500DF77C7 /* Main.storyboard */; };
		7AF8B1041E97817500DF77C7 /* Assets.xcassets in Resources */ = {isa = PBXBuildFile; fileRef = 7AF8B1031E97817500DF77C7 /* Assets.xcassets */; };
		7AF8B1071E97817500DF77C7 /* LaunchScreen.storyboard in Resources */ = {isa = PBXBuildFile; fileRef = 7AF8B1051E97817500DF77C7 /* LaunchScreen.storyboard */; };
		7AF8B1111E978EF600DF77C7 /* GoogleService-Info.plist in Resources */ = {isa = PBXBuildFile; fileRef = 7AF8B1101E978EF600DF77C7 /* GoogleService-Info.plist */; };
		F78BA54D14B4B94676379214 /* Pods_TestChallenge.framework in Frameworks */ = {isa = PBXBuildFile; fileRef = 3731D2B7D88720B97D3EDDDF /* Pods_TestChallenge.framework */; };
/* End PBXBuildFile section */

/* Begin PBXFileReference section */
		272D5DD0741A0B5B8EFE4A85 /* Pods-TestChallenge.release.xcconfig */ = {isa = PBXFileReference; includeInIndex = 1; lastKnownFileType = text.xcconfig; name = "Pods-TestChallenge.release.xcconfig"; path = "Pods/Target Support Files/Pods-TestChallenge/Pods-TestChallenge.release.xcconfig"; sourceTree = "<group>"; };
		3731D2B7D88720B97D3EDDDF /* Pods_TestChallenge.framework */ = {isa = PBXFileReference; explicitFileType = wrapper.framework; includeInIndex = 0; path = Pods_TestChallenge.framework; sourceTree = BUILT_PRODUCTS_DIR; };
		7AF8B0F91E97817500DF77C7 /* TestChallenge.app */ = {isa = PBXFileReference; explicitFileType = wrapper.application; includeInIndex = 0; path = TestChallenge.app; sourceTree = BUILT_PRODUCTS_DIR; };
		7AF8B0FC1E97817500DF77C7 /* AppDelegate.swift */ = {isa = PBXFileReference; lastKnownFileType = sourcecode.swift; path = AppDelegate.swift; sourceTree = "<group>"; };
		7AF8B0FE1E97817500DF77C7 /* ViewController.swift */ = {isa = PBXFileReference; lastKnownFileType = sourcecode.swift; path = ViewController.swift; sourceTree = "<group>"; };
		7AF8B1011E97817500DF77C7 /* Base */ = {isa = PBXFileReference; lastKnownFileType = file.storyboard; name = Base; path = Base.lproj/Main.storyboard; sourceTree = "<group>"; };
		7AF8B1031E97817500DF77C7 /* Assets.xcassets */ = {isa = PBXFileReference; lastKnownFileType = folder.assetcatalog; path = Assets.xcassets; sourceTree = "<group>"; };
		7AF8B1061E97817500DF77C7 /* Base */ = {isa = PBXFileReference; lastKnownFileType = file.storyboard; name = Base; path = Base.lproj/LaunchScreen.storyboard; sourceTree = "<group>"; };
		7AF8B1081E97817500DF77C7 /* Info.plist */ = {isa = PBXFileReference; lastKnownFileType = text.plist.xml; path = Info.plist; sourceTree = "<group>"; };
		7AF8B1101E978EF600DF77C7 /* GoogleService-Info.plist */ = {isa = PBXFileReference; fileEncoding = 4; lastKnownFileType = text.plist.xml; path = "GoogleService-Info.plist"; sourceTree = "<group>"; };
		E188FEA24070EE4EB50A52E0 /* Pods-TestChallenge.debug.xcconfig */ = {isa = PBXFileReference; includeInIndex = 1; lastKnownFileType = text.xcconfig; name = "Pods-TestChallenge.debug.xcconfig"; path = "Pods/Target Support Files/Pods-TestChallenge/Pods-TestChallenge.debug.xcconfig"; sourceTree = "<group>"; };
/* End PBXFileReference section */

/* Begin PBXFrameworksBuildPhase section */
		7AF8B0F61E97817500DF77C7 /* Frameworks */ = {
			isa = PBXFrameworksBuildPhase;
			buildActionMask = 2147483647;
			files = (
				F78BA54D14B4B94676379214 /* Pods_TestChallenge.framework in Frameworks */,
			);
			runOnlyForDeploymentPostprocessing = 0;
		};
/* End PBXFrameworksBuildPhase section */

/* Begin PBXGroup section */
		7AF8B0F01E97817500DF77C7 = {
			isa = PBXGroup;
			children = (
				7AF8B0FB1E97817500DF77C7 /* TestChallenge */,
				7AF8B0FA1E97817500DF77C7 /* Products */,
				89B7804B6F8AE817E6E575F1 /* Pods */,
				BE89C5F89BEC424602F0FE87 /* Frameworks */,
			);
			sourceTree = "<group>";
		};
		7AF8B0FA1E97817500DF77C7 /* Products */ = {
			isa = PBXGroup;
			children = (
				7AF8B0F91E97817500DF77C7 /* TestChallenge.app */,
			);
			name = Products;
			sourceTree = "<group>";
		};
		7AF8B0FB1E97817500DF77C7 /* TestChallenge */ = {
			isa = PBXGroup;
			children = (
				7AF8B0FC1E97817500DF77C7 /* AppDelegate.swift */,
				7AF8B0FE1E97817500DF77C7 /* ViewController.swift */,
				7AF8B1001E97817500DF77C7 /* Main.storyboard */,
				7AF8B1031E97817500DF77C7 /* Assets.xcassets */,
				7AF8B1051E97817500DF77C7 /* LaunchScreen.storyboard */,
				7AF8B1081E97817500DF77C7 /* Info.plist */,
				7AF8B1101E978EF600DF77C7 /* GoogleService-Info.plist */,
			);
			path = TestChallenge;
			sourceTree = "<group>";
		};
		89B7804B6F8AE817E6E575F1 /* Pods */ = {
			isa = PBXGroup;
			children = (
				E188FEA24070EE4EB50A52E0 /* Pods-TestChallenge.debug.xcconfig */,
				272D5DD0741A0B5B8EFE4A85 /* Pods-TestChallenge.release.xcconfig */,
			);
			name = Pods;
			sourceTree = "<group>";
		};
		BE89C5F89BEC424602F0FE87 /* Frameworks */ = {
			isa = PBXGroup;
			children = (
				3731D2B7D88720B97D3EDDDF /* Pods_TestChallenge.framework */,
			);
			name = Frameworks;
			sourceTree = "<group>";
		};
/* End PBXGroup section */

/* Begin PBXNativeTarget section */
		7AF8B0F81E97817500DF77C7 /* TestChallenge */ = {
			isa = PBXNativeTarget;
			buildConfigurationList = 7AF8B10B1E97817500DF77C7 /* Build configuration list for PBXNativeTarget "TestChallenge" */;
			buildPhases = (
				9E48F4281CE54939610EA58D /* [CP] Check Pods Manifest.lock */,
				7AF8B0F51E97817500DF77C7 /* Sources */,
				7AF8B0F61E97817500DF77C7 /* Frameworks */,
				7AF8B0F71E97817500DF77C7 /* Resources */,
				273E6E46B694E93B8268B08F /* [CP] Embed Pods Frameworks */,
				3D94A5429E1689F8E397B46C /* [CP] Copy Pods Resources */,
			);
			buildRules = (
			);
			dependencies = (
			);
			name = TestChallenge;
			productName = TestChallenge;
			productReference = 7AF8B0F91E97817500DF77C7 /* TestChallenge.app */;
			productType = "com.apple.product-type.application";
		};
/* End PBXNativeTarget section */

/* Begin PBXProject section */
		7AF8B0F11E97817500DF77C7 /* Project object */ = {
			isa = PBXProject;
			attributes = {
				LastSwiftUpdateCheck = 0820;
				LastUpgradeCheck = 0820;
				ORGANIZATIONNAME = nicholaslee;
				TargetAttributes = {
					7AF8B0F81E97817500DF77C7 = {
						CreatedOnToolsVersion = 8.2.1;
						ProvisioningStyle = Automatic;
					};
				};
			};
			buildConfigurationList = 7AF8B0F41E97817500DF77C7 /* Build configuration list for PBXProject "TestChallenge" */;
			compatibilityVersion = "Xcode 3.2";
			developmentRegion = English;
			hasScannedForEncodings = 0;
			knownRegions = (
				en,
				Base,
			);
			mainGroup = 7AF8B0F01E97817500DF77C7;
			productRefGroup = 7AF8B0FA1E97817500DF77C7 /* Products */;
			projectDirPath = "";
			projectRoot = "";
			targets = (
				7AF8B0F81E97817500DF77C7 /* TestChallenge */,
			);
		};
/* End PBXProject section */

/* Begin PBXResourcesBuildPhase section */
		7AF8B0F71E97817500DF77C7 /* Resources */ = {
			isa = PBXResourcesBuildPhase;
			buildActionMask = 2147483647;
			files = (
				7AF8B1071E97817500DF77C7 /* LaunchScreen.storyboard in Resources */,
				7AF8B1111E978EF600DF77C7 /* GoogleService-Info.plist in Resources */,
				7AF8B1041E97817500DF77C7 /* Assets.xcassets in Resources */,
				7AF8B1021E97817500DF77C7 /* Main.storyboard in Resources */,
			);
			runOnlyForDeploymentPostprocessing = 0;
		};
/* End PBXResourcesBuildPhase section */

/* Begin PBXShellScriptBuildPhase section */
		273E6E46B694E93B8268B08F /* [CP] Embed Pods Frameworks */ = {
			isa = PBXShellScriptBuildPhase;
			buildActionMask = 2147483647;
			files = (
			);
			inputPaths = (
			);
			name = "[CP] Embed Pods Frameworks";
			outputPaths = (
			);
			runOnlyForDeploymentPostprocessing = 0;
			shellPath = /bin/sh;
			shellScript = "\"${SRCROOT}/Pods/Target Support Files/Pods-TestChallenge/Pods-TestChallenge-frameworks.sh\"\n";
			showEnvVarsInLog = 0;
		};
		3D94A5429E1689F8E397B46C /* [CP] Copy Pods Resources */ = {
			isa = PBXShellScriptBuildPhase;
			buildActionMask = 2147483647;
			files = (
			);
			inputPaths = (
			);
			name = "[CP] Copy Pods Resources";
			outputPaths = (
			);
			runOnlyForDeploymentPostprocessing = 0;
			shellPath = /bin/sh;
			shellScript = "\"${SRCROOT}/Pods/Target Support Files/Pods-TestChallenge/Pods-TestChallenge-resources.sh\"\n";
			showEnvVarsInLog = 0;
		};
		9E48F4281CE54939610EA58D /* [CP] Check Pods Manifest.lock */ = {
			isa = PBXShellScriptBuildPhase;
			buildActionMask = 2147483647;
			files = (
			);
			inputPaths = (
			);
			name = "[CP] Check Pods Manifest.lock";
			outputPaths = (
			);
			runOnlyForDeploymentPostprocessing = 0;
			shellPath = /bin/sh;
			shellScript = "diff \"${PODS_ROOT}/../Podfile.lock\" \"${PODS_ROOT}/Manifest.lock\" > /dev/null\nif [ $? != 0 ] ; then\n    # print error to STDERR\n    echo \"error: The sandbox is not in sync with the Podfile.lock. Run 'pod install' or update your CocoaPods installation.\" >&2\n    exit 1\nfi\n";
			showEnvVarsInLog = 0;
		};
/* End PBXShellScriptBuildPhase section */

/* Begin PBXSourcesBuildPhase section */
		7AF8B0F51E97817500DF77C7 /* Sources */ = {
			isa = PBXSourcesBuildPhase;
			buildActionMask = 2147483647;
			files = (
				7AF8B0FF1E97817500DF77C7 /* ViewController.swift in Sources */,
				7AF8B0FD1E97817500DF77C7 /* AppDelegate.swift in Sources */,
			);
			runOnlyForDeploymentPostprocessing = 0;
		};
/* End PBXSourcesBuildPhase section */

/* Begin PBXVariantGroup section */
		7AF8B1001E97817500DF77C7 /* Main.storyboard */ = {
			isa = PBXVariantGroup;
			children = (
				7AF8B1011E97817500DF77C7 /* Base */,
			);
			name = Main.storyboard;
			sourceTree = "<group>";
		};
		7AF8B1051E97817500DF77C7 /* LaunchScreen.storyboard */ = {
			isa = PBXVariantGroup;
			children = (
				7AF8B1061E97817500DF77C7 /* Base */,
			);
			name = LaunchScreen.storyboard;
			sourceTree = "<group>";
		};
/* End PBXVariantGroup section */

/* Begin XCBuildConfiguration section */
		7AF8B1091E97817500DF77C7 /* Debug */ = {
			isa = XCBuildConfiguration;
			buildSettings = {
				ALWAYS_SEARCH_USER_PATHS = NO;
				CLANG_ANALYZER_NONNULL = YES;
				CLANG_CXX_LANGUAGE_STANDARD = "gnu++0x";
				CLANG_CXX_LIBRARY = "libc++";
				CLANG_ENABLE_MODULES = YES;
				CLANG_ENABLE_OBJC_ARC = YES;
				CLANG_WARN_BOOL_CONVERSION = YES;
				CLANG_WARN_CONSTANT_CONVERSION = YES;
				CLANG_WARN_DIRECT_OBJC_ISA_USAGE = YES_ERROR;
				CLANG_WARN_DOCUMENTATION_COMMENTS = YES;
				CLANG_WARN_EMPTY_BODY = YES;
				CLANG_WARN_ENUM_CONVERSION = YES;
				CLANG_WARN_INFINITE_RECURSION = YES;
				CLANG_WARN_INT_CONVERSION = YES;
				CLANG_WARN_OBJC_ROOT_CLASS = YES_ERROR;
				CLANG_WARN_SUSPICIOUS_MOVE = YES;
				CLANG_WARN_UNREACHABLE_CODE = YES;
				CLANG_WARN__DUPLICATE_METHOD_MATCH = YES;
				"CODE_SIGN_IDENTITY[sdk=iphoneos*]" = "iPhone Developer";
				COPY_PHASE_STRIP = NO;
				DEBUG_INFORMATION_FORMAT = dwarf;
				ENABLE_STRICT_OBJC_MSGSEND = YES;
				ENABLE_TESTABILITY = YES;
				GCC_C_LANGUAGE_STANDARD = gnu99;
				GCC_DYNAMIC_NO_PIC = NO;
				GCC_NO_COMMON_BLOCKS = YES;
				GCC_OPTIMIZATION_LEVEL = 0;
				GCC_PREPROCESSOR_DEFINITIONS = (
					"DEBUG=1",
					"$(inherited)",
				);
				GCC_WARN_64_TO_32_BIT_CONVERSION = YES;
				GCC_WARN_ABOUT_RETURN_TYPE = YES_ERROR;
				GCC_WARN_UNDECLARED_SELECTOR = YES;
				GCC_WARN_UNINITIALIZED_AUTOS = YES_AGGRESSIVE;
				GCC_WARN_UNUSED_FUNCTION = YES;
				GCC_WARN_UNUSED_VARIABLE = YES;
				IPHONEOS_DEPLOYMENT_TARGET = 10.2;
				MTL_ENABLE_DEBUG_INFO = YES;
				ONLY_ACTIVE_ARCH = YES;
				SDKROOT = iphoneos;
				SWIFT_ACTIVE_COMPILATION_CONDITIONS = DEBUG;
				SWIFT_OPTIMIZATION_LEVEL = "-Onone";
				TARGETED_DEVICE_FAMILY = "1,2";
			};
			name = Debug;
		};
		7AF8B10A1E97817500DF77C7 /* Release */ = {
			isa = XCBuildConfiguration;
			buildSettings = {
				ALWAYS_SEARCH_USER_PATHS = NO;
				CLANG_ANALYZER_NONNULL = YES;
				CLANG_CXX_LANGUAGE_STANDARD = "gnu++0x";
				CLANG_CXX_LIBRARY = "libc++";
				CLANG_ENABLE_MODULES = YES;
				CLANG_ENABLE_OBJC_ARC = YES;
				CLANG_WARN_BOOL_CONVERSION = YES;
				CLANG_WARN_CONSTANT_CONVERSION = YES;
				CLANG_WARN_DIRECT_OBJC_ISA_USAGE = YES_ERROR;
				CLANG_WARN_DOCUMENTATION_COMMENTS = YES;
				CLANG_WARN_EMPTY_BODY = YES;
				CLANG_WARN_ENUM_CONVERSION = YES;
				CLANG_WARN_INFINITE_RECURSION = YES;
				CLANG_WARN_INT_CONVERSION = YES;
				CLANG_WARN_OBJC_ROOT_CLASS = YES_ERROR;
				CLANG_WARN_SUSPICIOUS_MOVE = YES;
				CLANG_WARN_UNREACHABLE_CODE = YES;
				CLANG_WARN__DUPLICATE_METHOD_MATCH = YES;
				"CODE_SIGN_IDENTITY[sdk=iphoneos*]" = "iPhone Developer";
				COPY_PHASE_STRIP = NO;
				DEBUG_INFORMATION_FORMAT = "dwarf-with-dsym";
				ENABLE_NS_ASSERTIONS = NO;
				ENABLE_STRICT_OBJC_MSGSEND = YES;
				GCC_C_LANGUAGE_STANDARD = gnu99;
				GCC_NO_COMMON_BLOCKS = YES;
				GCC_WARN_64_TO_32_BIT_CONVERSION = YES;
				GCC_WARN_ABOUT_RETURN_TYPE = YES_ERROR;
				GCC_WARN_UNDECLARED_SELECTOR = YES;
				GCC_WARN_UNINITIALIZED_AUTOS = YES_AGGRESSIVE;
				GCC_WARN_UNUSED_FUNCTION = YES;
				GCC_WARN_UNUSED_VARIABLE = YES;
				IPHONEOS_DEPLOYMENT_TARGET = 10.2;
				MTL_ENABLE_DEBUG_INFO = NO;
				SDKROOT = iphoneos;
				SWIFT_OPTIMIZATION_LEVEL = "-Owholemodule";
				TARGETED_DEVICE_FAMILY = "1,2";
				VALIDATE_PRODUCT = YES;
			};
			name = Release;
		};
		7AF8B10C1E97817500DF77C7 /* Debug */ = {
			isa = XCBuildConfiguration;
			baseConfigurationReference = E188FEA24070EE4EB50A52E0 /* Pods-TestChallenge.debug.xcconfig */;
			buildSettings = {
				ASSETCATALOG_COMPILER_APPICON_NAME = AppIcon;
				INFOPLIST_FILE = TestChallenge/Info.plist;
				LD_RUNPATH_SEARCH_PATHS = "$(inherited) @executable_path/Frameworks";
				PRODUCT_BUNDLE_IDENTIFIER = com.example.TestChallenge;
				PRODUCT_NAME = "$(TARGET_NAME)";
				SWIFT_VERSION = 3.0;
			};
			name = Debug;
		};
		7AF8B10D1E97817500DF77C7 /* Release */ = {
			isa = XCBuildConfiguration;
			baseConfigurationReference = 272D5DD0741A0B5B8EFE4A85 /* Pods-TestChallenge.release.xcconfig */;
			buildSettings = {
				ASSETCATALOG_COMPILER_APPICON_NAME = AppIcon;
				INFOPLIST_FILE = TestChallenge/Info.plist;
				LD_RUNPATH_SEARCH_PATHS = "$(inherited) @executable_path/Frameworks";
				PRODUCT_BUNDLE_IDENTIFIER = com.example.TestChallenge;
				PRODUCT_NAME = "$(TARGET_NAME)";
				SWIFT_VERSION = 3.0;
			};
			name = Release;
		};
/* End XCBuildConfiguration section */

/* Begin XCConfigurationList section */
		7AF8B0F41E97817500DF77C7 /* Build configuration list for PBXProject "TestChallenge" */ = {
			isa = XCConfigurationList;
			buildConfigurations = (
				7AF8B1091E97817500DF77C7 /* Debug */,
				7AF8B10A1E97817500DF77C7 /* Release */,
			);
			defaultConfigurationIsVisible = 0;
			defaultConfigurationName = Release;
		};
		7AF8B10B1E97817500DF77C7 /* Build configuration list for PBXNativeTarget "TestChallenge" */ = {
			isa = XCConfigurationList;
			buildConfigurations = (
				7AF8B10C1E97817500DF77C7 /* Debug */,
				7AF8B10D1E97817500DF77C7 /* Release */,
			);
			defaultConfigurationIsVisible = 0;
			defaultConfigurationName = Release;
		};
/* End XCConfigurationList section */
	};
	rootObject = 7AF8B0F11E97817500DF77C7 /* Project object */;
}
